
Microsoft Visual Studio Solution File, Format Version 12.00
# Visual Studio Version 17
VisualStudioVersion = 17.7.34031.279
MinimumVisualStudioVersion = 10.0.40219.1
Project("{FAE04EC0-301F-11D3-BF4B-00C04F79EFBC}") = "LogicLab", "LogicLab\LogicLab.csproj", "{420FD5EA-9B7E-40B0-8170-08DC0369E8DE}"
EndProject
Global
	GlobalSection(SolutionConfigurationPlatforms) = preSolution
		Debug|Any CPU = Debug|Any CPU
		Release|Any CPU = Release|Any CPU
	EndGlobalSection
	GlobalSection(ProjectConfigurationPlatforms) = postSolution
		{420FD5EA-9B7E-40B0-8170-08DC0369E8DE}.Debug|Any CPU.ActiveCfg = Debug|Any CPU
		{420FD5EA-9B7E-40B0-8170-08DC0369E8DE}.Debug|Any CPU.Build.0 = Debug|Any CPU
		{420FD5EA-9B7E-40B0-8170-08DC0369E8DE}.Release|Any CPU.ActiveCfg = Release|Any CPU
		{420FD5EA-9B7E-40B0-8170-08DC0369E8DE}.Release|Any CPU.Build.0 = Release|Any CPU
	EndGlobalSection
	GlobalSection(SolutionProperties) = preSolution
		HideSolutionNode = FALSE
	EndGlobalSection
	GlobalSection(ExtensibilityGlobals) = postSolution
		SolutionGuid = {69067CA7-2391-42F6-B04C-D76EFB988F83}
	EndGlobalSection
EndGlobal
